PODS:
  - Masonry (1.1.0)
  - MJRefresh (3.2.0)
  - ReactiveObjC (3.1.1)
  - SDWebImage (4.4.6):
    - SDWebImage/Core (= 4.4.6)
  - SDWebImage/Core (4.4.6)
  - SSZipArchive (2.2.2)
  - SVProgressHUD (2.2.5)
  - UIFontWDCustomLoader (0.1.0)
  - "UITableView+FDTemplateLayoutCell (1.6)"
  - Valet (2.4.2)
  - XTBase (1.2.2):
    - Masonry
    - MJRefresh
    - ReactiveObjC
    - SDWebImage
    - SSZipArchive
    - SVProgressHUD
    - UIFontWDCustomLoader
    - "UITableView+FDTemplateLayoutCell"
    - Valet (= 2.4.2)
    - YYModel
  - YYModel (1.0.4)

DEPENDENCIES:
  - Masonry
  - SDWebImage (<= 4.4.6)
  - XTBase

SPEC REPOS:
  https://github.com/CocoaPods/Specs.git:
    - Masonry
    - MJRefresh
    - ReactiveObjC
    - SDWebImage
    - SSZipArchive
    - SVProgressHUD
    - UIFontWDCustomLoader
    - "UITableView+FDTemplateLayoutCell"
    - Valet
    - XTBase
    - YYModel

SPEC CHECKSUMS:
  Masonry: 678fab65091a9290e40e2832a55e7ab731aad201
  MJRefresh: ed450d6eb9d3346a2cb033ab7eb6de090aeef437
  ReactiveObjC: 011caa393aa0383245f2dcf9bf02e86b80b36040
  SDWebImage: 3f3f0c02f09798048c47a5ed0a13f17b063572d8
  SSZipArchive: fa16b8cc4cdeceb698e5e5d9f67e9558532fbf23
  SVProgressHUD: 1428aafac632c1f86f62aa4243ec12008d7a51d6
  UIFontWDCustomLoader: 233f0f83e543b8f24a6299d7fc773be9d704fe22
  "UITableView+FDTemplateLayoutCell": 5c949b4a5059c404b442926c0e80f81d10a2d66f
  Valet: 14463ef24fab8fd5809044ecedb61484b799fdd6
  XTBase: 0789ccadf33d685bc1bd37871fedc0fc715d027f
  YYModel: 2a7fdd96aaa4b86a824e26d0c517de8928c04b30

PODFILE CHECKSUM: c94959a158788953571be5c008f130848edae635

COCOAPODS: 1.10.1
