// !$*UTF8*$!
{
	archiveVersion = 1;
	classes = {
	};
	objectVersion = 46;
	objects = {

/* Begin PBXBuildFile section */
		D7E8FD071C12961C005E908F /* main.m in Sources */ = {isa = PBXBuildFile; fileRef = D7E8FD061C12961C005E908F /* main.m */; };
		D7E8FD0A1C12961C005E908F /* AppDelegate.m in Sources */ = {isa = PBXBuildFile; fileRef = D7E8FD091C12961C005E908F /* AppDelegate.m */; };
		D7E8FD0D1C12961C005E908F /* ViewController.m in Sources */ = {isa = PBXBuildFile; fileRef = D7E8FD0C1C12961C005E908F /* ViewController.m */; };
		D7E8FD101C12961C005E908F /* Main.storyboard in Resources */ = {isa = PBXBuildFile; fileRef = D7E8FD0E1C12961C005E908F /* Main.storyboard */; };
		D7E8FD121C12961C005E908F /* Assets.xcassets in Resources */ = {isa = PBXBuildFile; fileRef = D7E8FD111C12961C005E908F /* Assets.xcassets */; };
		D7E8FD151C12961C005E908F /* LaunchScreen.storyboard in Resources */ = {isa = PBXBuildFile; fileRef = D7E8FD131C12961C005E908F /* LaunchScreen.storyboard */; };
		D7E8FD201C12961C005E908F /* TableDatasourceSeparationTests.m in Sources */ = {isa = PBXBuildFile; fileRef = D7E8FD1F1C12961C005E908F /* TableDatasourceSeparationTests.m */; };
		D7E8FD2B1C12961C005E908F /* TableDatasourceSeparationUITests.m in Sources */ = {isa = PBXBuildFile; fileRef = D7E8FD2A1C12961C005E908F /* TableDatasourceSeparationUITests.m */; };
/* End PBXBuildFile section */

/* Begin PBXContainerItemProxy section */
		D7E8FD1C1C12961C005E908F /* PBXContainerItemProxy */ = {
			isa = PBXContainerItemProxy;
			containerPortal = D7E8FCFA1C12961B005E908F /* Project object */;
			proxyType = 1;
			remoteGlobalIDString = D7E8FD011C12961C005E908F;
			remoteInfo = TableDatasourceSeparation;
		};
		D7E8FD271C12961C005E908F /* PBXContainerItemProxy */ = {
			isa = PBXContainerItemProxy;
			containerPortal = D7E8FCFA1C12961B005E908F /* Project object */;
			proxyType = 1;
			remoteGlobalIDString = D7E8FD011C12961C005E908F;
			remoteInfo = TableDatasourceSeparation;
		};
/* End PBXContainerItemProxy section */

/* Begin PBXFileReference section */
		D7E8FD021C12961C005E908F /* TableDatasourceSeparation.app */ = {isa = PBXFileReference; explicitFileType = wrapper.application; includeInIndex = 0; path = TableDatasourceSeparation.app; sourceTree = BUILT_PRODUCTS_DIR; };
		D7E8FD061C12961C005E908F /* main.m */ = {isa = PBXFileReference; lastKnownFileType = sourcecode.c.objc; path = main.m; sourceTree = "<group>"; };
		D7E8FD081C12961C005E908F /* AppDelegate.h */ = {isa = PBXFileReference; lastKnownFileType = sourcecode.c.h; path = AppDelegate.h; sourceTree = "<group>"; };
		D7E8FD091C12961C005E908F /* AppDelegate.m */ = {isa = PBXFileReference; lastKnownFileType = sourcecode.c.objc; path = AppDelegate.m; sourceTree = "<group>"; };
		D7E8FD0B1C12961C005E908F /* ViewController.h */ = {isa = PBXFileReference; lastKnownFileType = sourcecode.c.h; path = ViewController.h; sourceTree = "<group>"; };
		D7E8FD0C1C12961C005E908F /* ViewController.m */ = {isa = PBXFileReference; lastKnownFileType = sourcecode.c.objc; path = ViewController.m; sourceTree = "<group>"; };
		D7E8FD0F1C12961C005E908F /* Base */ = {isa = PBXFileReference; lastKnownFileType = file.storyboard; name = Base; path = Base.lproj/Main.storyboard; sourceTree = "<group>"; };
		D7E8FD111C12961C005E908F /* Assets.xcassets */ = {isa = PBXFileReference; lastKnownFileType = folder.assetcatalog; path = Assets.xcassets; sourceTree = "<group>"; };
		D7E8FD141C12961C005E908F /* Base */ = {isa = PBXFileReference; lastKnownFileType = file.storyboard; name = Base; path = Base.lproj/LaunchScreen.storyboard; sourceTree = "<group>"; };
		D7E8FD161C12961C005E908F /* Info.plist */ = {isa = PBXFileReference; lastKnownFileType = text.plist.xml; path = Info.plist; sourceTree = "<group>"; };
		D7E8FD1B1C12961C005E908F /* TableDatasourceSeparationTests.xctest */ = {isa = PBXFileReference; explicitFileType = wrapper.cfbundle; includeInIndex = 0; path = TableDatasourceSeparationTests.xctest; sourceTree = BUILT_PRODUCTS_DIR; };
		D7E8FD1F1C12961C005E908F /* TableDatasourceSeparationTests.m */ = {isa = PBXFileReference; lastKnownFileType = sourcecode.c.objc; path = TableDatasourceSeparationTests.m; sourceTree = "<group>"; };
		D7E8FD211C12961C005E908F /* Info.plist */ = {isa = PBXFileReference; lastKnownFileType = text.plist.xml; path = Info.plist; sourceTree = "<group>"; };
		D7E8FD261C12961C005E908F /* TableDatasourceSeparationUITests.xctest */ = {isa = PBXFileReference; explicitFileType = wrapper.cfbundle; includeInIndex = 0; path = TableDatasourceSeparationUITests.xctest; sourceTree = BUILT_PRODUCTS_DIR; };
		D7E8FD2A1C12961C005E908F /* TableDatasourceSeparationUITests.m */ = {isa = PBXFileReference; lastKnownFileType = sourcecode.c.objc; path = TableDatasourceSeparationUITests.m; sourceTree = "<group>"; };
		D7E8FD2C1C12961C005E908F /* Info.plist */ = {isa = PBXFileReference; lastKnownFileType = text.plist.xml; path = Info.plist; sourceTree = "<group>"; };
/* End PBXFileReference section */

/* Begin PBXFrameworksBuildPhase section */
		D7E8FCFF1C12961C005E908F /* Frameworks */ = {
			isa = PBXFrameworksBuildPhase;
			buildActionMask = 2147483647;
			files = (
			);
			runOnlyForDeploymentPostprocessing = 0;
		};
		D7E8FD181C12961C005E908F /* Frameworks */ = {
			isa = PBXFrameworksBuildPhase;
			buildActionMask = 2147483647;
			files = (
			);
			runOnlyForDeploymentPostprocessing = 0;
		};
		D7E8FD231C12961C005E908F /* Frameworks */ = {
			isa = PBXFrameworksBuildPhase;
			buildActionMask = 2147483647;
			files = (
			);
			runOnlyForDeploymentPostprocessing = 0;
		};
/* End PBXFrameworksBuildPhase section */

/* Begin PBXGroup section */
		D7E8FCF91C12961B005E908F = {
			isa = PBXGroup;
			children = (
				D7E8FD041C12961C005E908F /* TableDatasourceSeparation */,
				D7E8FD1E1C12961C005E908F /* TableDatasourceSeparationTests */,
				D7E8FD291C12961C005E908F /* TableDatasourceSeparationUITests */,
				D7E8FD031C12961C005E908F /* Products */,
			);
			sourceTree = "<group>";
		};
		D7E8FD031C12961C005E908F /* Products */ = {
			isa = PBXGroup;
			children = (
				D7E8FD021C12961C005E908F /* TableDatasourceSeparation.app */,
				D7E8FD1B1C12961C005E908F /* TableDatasourceSeparationTests.xctest */,
				D7E8FD261C12961C005E908F /* TableDatasourceSeparationUITests.xctest */,
			);
			name = Products;
			sourceTree = "<group>";
		};
		D7E8FD041C12961C005E908F /* TableDatasourceSeparation */ = {
			isa = PBXGroup;
			children = (
				D7E8FD081C12961C005E908F /* AppDelegate.h */,
				D7E8FD091C12961C005E908F /* AppDelegate.m */,
				D7E8FD0B1C12961C005E908F /* ViewController.h */,
				D7E8FD0C1C12961C005E908F /* ViewController.m */,
				D7E8FD0E1C12961C005E908F /* Main.storyboard */,
				D7E8FD111C12961C005E908F /* Assets.xcassets */,
				D7E8FD131C12961C005E908F /* LaunchScreen.storyboard */,
				D7E8FD161C12961C005E908F /* Info.plist */,
				D7E8FD051C12961C005E908F /* Supporting Files */,
			);
			path = TableDatasourceSeparation;
			sourceTree = "<group>";
		};
		D7E8FD051C12961C005E908F /* Supporting Files */ = {
			isa = PBXGroup;
			children = (
				D7E8FD061C12961C005E908F /* main.m */,
			);
			name = "Supporting Files";
			sourceTree = "<group>";
		};
		D7E8FD1E1C12961C005E908F /* TableDatasourceSeparationTests */ = {
			isa = PBXGroup;
			children = (
				D7E8FD1F1C12961C005E908F /* TableDatasourceSeparationTests.m */,
				D7E8FD211C12961C005E908F /* Info.plist */,
			);
			path = TableDatasourceSeparationTests;
			sourceTree = "<group>";
		};
		D7E8FD291C12961C005E908F /* TableDatasourceSeparationUITests */ = {
			isa = PBXGroup;
			children = (
				D7E8FD2A1C12961C005E908F /* TableDatasourceSeparationUITests.m */,
				D7E8FD2C1C12961C005E908F /* Info.plist */,
			);
			path = TableDatasourceSeparationUITests;
			sourceTree = "<group>";
		};
/* End PBXGroup section */

/* Begin PBXNativeTarget section */
		D7E8FD011C12961C005E908F /* TableDatasourceSeparation */ = {
			isa = PBXNativeTarget;
			buildConfigurationList = D7E8FD2F1C12961C005E908F /* Build configuration list for PBXNativeTarget "TableDatasourceSeparation" */;
			buildPhases = (
				D7E8FCFE1C12961C005E908F /* Sources */,
				D7E8FCFF1C12961C005E908F /* Frameworks */,
				D7E8FD001C12961C005E908F /* Resources */,
			);
			buildRules = (
			);
			dependencies = (
			);
			name = TableDatasourceSeparation;
			productName = TableDatasourceSeparation;
			productReference = D7E8FD021C12961C005E908F /* TableDatasourceSeparation.app */;
			productType = "com.apple.product-type.application";
		};
		D7E8FD1A1C12961C005E908F /* TableDatasourceSeparationTests */ = {
			isa = PBXNativeTarget;
			buildConfigurationList = D7E8FD321C12961C005E908F /* Build configuration list for PBXNativeTarget "TableDatasourceSeparationTests" */;
			buildPhases = (
				D7E8FD171C12961C005E908F /* Sources */,
				D7E8FD181C12961C005E908F /* Frameworks */,
				D7E8FD191C12961C005E908F /* Resources */,
			);
			buildRules = (
			);
			dependencies = (
				D7E8FD1D1C12961C005E908F /* PBXTargetDependency */,
			);
			name = TableDatasourceSeparationTests;
			productName = TableDatasourceSeparationTests;
			productReference = D7E8FD1B1C12961C005E908F /* TableDatasourceSeparationTests.xctest */;
			productType = "com.apple.product-type.bundle.unit-test";
		};
		D7E8FD251C12961C005E908F /* TableDatasourceSeparationUITests */ = {
			isa = PBXNativeTarget;
			buildConfigurationList = D7E8FD351C12961C005E908F /* Build configuration list for PBXNativeTarget "TableDatasourceSeparationUITests" */;
			buildPhases = (
				D7E8FD221C12961C005E908F /* Sources */,
				D7E8FD231C12961C005E908F /* Frameworks */,
				D7E8FD241C12961C005E908F /* Resources */,
			);
			buildRules = (
			);
			dependencies = (
				D7E8FD281C12961C005E908F /* PBXTargetDependency */,
			);
			name = TableDatasourceSeparationUITests;
			productName = TableDatasourceSeparationUITests;
			productReference = D7E8FD261C12961C005E908F /* TableDatasourceSeparationUITests.xctest */;
			productType = "com.apple.product-type.bundle.ui-testing";
		};
/* End PBXNativeTarget section */

/* Begin PBXProject section */
		D7E8FCFA1C12961B005E908F /* Project object */ = {
			isa = PBXProject;
			attributes = {
				LastUpgradeCheck = 0710;
				ORGANIZATIONNAME = teason;
				TargetAttributes = {
					D7E8FD011C12961C005E908F = {
						CreatedOnToolsVersion = 7.1;
					};
					D7E8FD1A1C12961C005E908F = {
						CreatedOnToolsVersion = 7.1;
						TestTargetID = D7E8FD011C12961C005E908F;
					};
					D7E8FD251C12961C005E908F = {
						CreatedOnToolsVersion = 7.1;
						TestTargetID = D7E8FD011C12961C005E908F;
					};
				};
			};
			buildConfigurationList = D7E8FCFD1C12961B005E908F /* Build configuration list for PBXProject "TableDatasourceSeparation" */;
			compatibilityVersion = "Xcode 3.2";
			developmentRegion = English;
			hasScannedForEncodings = 0;
			knownRegions = (
				en,
				Base,
			);
			mainGroup = D7E8FCF91C12961B005E908F;
			productRefGroup = D7E8FD031C12961C005E908F /* Products */;
			projectDirPath = "";
			projectRoot = "";
			targets = (
				D7E8FD011C12961C005E908F /* TableDatasourceSeparation */,
				D7E8FD1A1C12961C005E908F /* TableDatasourceSeparationTests */,
				D7E8FD251C12961C005E908F /* TableDatasourceSeparationUITests */,
			);
		};
/* End PBXProject section */

/* Begin PBXResourcesBuildPhase section */
		D7E8FD001C12961C005E908F /* Resources */ = {
			isa = PBXResourcesBuildPhase;
			buildActionMask = 2147483647;
			files = (
				D7E8FD151C12961C005E908F /* LaunchScreen.storyboard in Resources */,
				D7E8FD121C12961C005E908F /* Assets.xcassets in Resources */,
				D7E8FD101C12961C005E908F /* Main.storyboard in Resources */,
			);
			runOnlyForDeploymentPostprocessing = 0;
		};
		D7E8FD191C12961C005E908F /* Resources */ = {
			isa = PBXResourcesBuildPhase;
			buildActionMask = 2147483647;
			files = (
			);
			runOnlyForDeploymentPostprocessing = 0;
		};
		D7E8FD241C12961C005E908F /* Resources */ = {
			isa = PBXResourcesBuildPhase;
			buildActionMask = 2147483647;
			files = (
			);
			runOnlyForDeploymentPostprocessing = 0;
		};
/* End PBXResourcesBuildPhase section */

/* Begin PBXSourcesBuildPhase section */
		D7E8FCFE1C12961C005E908F /* Sources */ = {
			isa = PBXSourcesBuildPhase;
			buildActionMask = 2147483647;
			files = (
				D7E8FD0D1C12961C005E908F /* ViewController.m in Sources */,
				D7E8FD0A1C12961C005E908F /* AppDelegate.m in Sources */,
				D7E8FD071C12961C005E908F /* main.m in Sources */,
			);
			runOnlyForDeploymentPostprocessing = 0;
		};
		D7E8FD171C12961C005E908F /* Sources */ = {
			isa = PBXSourcesBuildPhase;
			buildActionMask = 2147483647;
			files = (
				D7E8FD201C12961C005E908F /* TableDatasourceSeparationTests.m in Sources */,
			);
			runOnlyForDeploymentPostprocessing = 0;
		};
		D7E8FD221C12961C005E908F /* Sources */ = {
			isa = PBXSourcesBuildPhase;
			buildActionMask = 2147483647;
			files = (
				D7E8FD2B1C12961C005E908F /* TableDatasourceSeparationUITests.m in Sources */,
			);
			runOnlyForDeploymentPostprocessing = 0;
		};
/* End PBXSourcesBuildPhase section */

/* Begin PBXTargetDependency section */
		D7E8FD1D1C12961C005E908F /* PBXTargetDependency */ = {
			isa = PBXTargetDependency;
			target = D7E8FD011C12961C005E908F /* TableDatasourceSeparation */;
			targetProxy = D7E8FD1C1C12961C005E908F /* PBXContainerItemProxy */;
		};
		D7E8FD281C12961C005E908F /* PBXTargetDependency */ = {
			isa = PBXTargetDependency;
			target = D7E8FD011C12961C005E908F /* TableDatasourceSeparation */;
			targetProxy = D7E8FD271C12961C005E908F /* PBXContainerItemProxy */;
		};
/* End PBXTargetDependency section */

/* Begin PBXVariantGroup section */
		D7E8FD0E1C12961C005E908F /* Main.storyboard */ = {
			isa = PBXVariantGroup;
			children = (
				D7E8FD0F1C12961C005E908F /* Base */,
			);
			name = Main.storyboard;
			sourceTree = "<group>";
		};
		D7E8FD131C12961C005E908F /* LaunchScreen.storyboard */ = {
			isa = PBXVariantGroup;
			children = (
				D7E8FD141C12961C005E908F /* Base */,
			);
			name = LaunchScreen.storyboard;
			sourceTree = "<group>";
		};
/* End PBXVariantGroup section */

/* Begin XCBuildConfiguration section */
		D7E8FD2D1C12961C005E908F /* Debug */ = {
			isa = XCBuildConfiguration;
			buildSettings = {
				ALWAYS_SEARCH_USER_PATHS = NO;
				CLANG_CXX_LANGUAGE_STANDARD = "gnu++0x";
				CLANG_CXX_LIBRARY = "libc++";
				CLANG_ENABLE_MODULES = YES;
				CLANG_ENABLE_OBJC_ARC = YES;
				CLANG_WARN_BOOL_CONVERSION = YES;
				CLANG_WARN_CONSTANT_CONVERSION = YES;
				CLANG_WARN_DIRECT_OBJC_ISA_USAGE = YES_ERROR;
				CLANG_WARN_EMPTY_BODY = YES;
				CLANG_WARN_ENUM_CONVERSION = YES;
				CLANG_WARN_INT_CONVERSION = YES;
				CLANG_WARN_OBJC_ROOT_CLASS = YES_ERROR;
				CLANG_WARN_UNREACHABLE_CODE = YES;
				CLANG_WARN__DUPLICATE_METHOD_MATCH = YES;
				"CODE_SIGN_IDENTITY[sdk=iphoneos*]" = "iPhone Developer";
				COPY_PHASE_STRIP = NO;
				DEBUG_INFORMATION_FORMAT = dwarf;
				ENABLE_STRICT_OBJC_MSGSEND = YES;
				ENABLE_TESTABILITY = YES;
				GCC_C_LANGUAGE_STANDARD = gnu99;
				GCC_DYNAMIC_NO_PIC = NO;
				GCC_NO_COMMON_BLOCKS = YES;
				GCC_OPTIMIZATION_LEVEL = 0;
				GCC_PREPROCESSOR_DEFINITIONS = (
					"DEBUG=1",
					"$(inherited)",
				);
				GCC_WARN_64_TO_32_BIT_CONVERSION = YES;
				GCC_WARN_ABOUT_RETURN_TYPE = YES_ERROR;
				GCC_WARN_UNDECLARED_SELECTOR = YES;
				GCC_WARN_UNINITIALIZED_AUTOS = YES_AGGRESSIVE;
				GCC_WARN_UNUSED_FUNCTION = YES;
				GCC_WARN_UNUSED_VARIABLE = YES;
				IPHONEOS_DEPLOYMENT_TARGET = 9.1;
				MTL_ENABLE_DEBUG_INFO = YES;
				ONLY_ACTIVE_ARCH = YES;
				SDKROOT = iphoneos;
				TARGETED_DEVICE_FAMILY = "1,2";
			};
			name = Debug;
		};
		D7E8FD2E1C12961C005E908F /* Release */ = {
			isa = XCBuildConfiguration;
			buildSettings = {
				ALWAYS_SEARCH_USER_PATHS = NO;
				CLANG_CXX_LANGUAGE_STANDARD = "gnu++0x";
				CLANG_CXX_LIBRARY = "libc++";
				CLANG_ENABLE_MODULES = YES;
				CLANG_ENABLE_OBJC_ARC = YES;
				CLANG_WARN_BOOL_CONVERSION = YES;
				CLANG_WARN_CONSTANT_CONVERSION = YES;
				CLANG_WARN_DIRECT_OBJC_ISA_USAGE = YES_ERROR;
				CLANG_WARN_EMPTY_BODY = YES;
				CLANG_WARN_ENUM_CONVERSION = YES;
				CLANG_WARN_INT_CONVERSION = YES;
				CLANG_WARN_OBJC_ROOT_CLASS = YES_ERROR;
				CLANG_WARN_UNREACHABLE_CODE = YES;
				CLANG_WARN__DUPLICATE_METHOD_MATCH = YES;
				"CODE_SIGN_IDENTITY[sdk=iphoneos*]" = "iPhone Developer";
				COPY_PHASE_STRIP = NO;
				DEBUG_INFORMATION_FORMAT = "dwarf-with-dsym";
				ENABLE_NS_ASSERTIONS = NO;
				ENABLE_STRICT_OBJC_MSGSEND = YES;
				GCC_C_LANGUAGE_STANDARD = gnu99;
				GCC_NO_COMMON_BLOCKS = YES;
				GCC_WARN_64_TO_32_BIT_CONVERSION = YES;
				GCC_WARN_ABOUT_RETURN_TYPE = YES_ERROR;
				GCC_WARN_UNDECLARED_SELECTOR = YES;
				GCC_WARN_UNINITIALIZED_AUTOS = YES_AGGRESSIVE;
				GCC_WARN_UNUSED_FUNCTION = YES;
				GCC_WARN_UNUSED_VARIABLE = YES;
				IPHONEOS_DEPLOYMENT_TARGET = 9.1;
				MTL_ENABLE_DEBUG_INFO = NO;
				SDKROOT = iphoneos;
				TARGETED_DEVICE_FAMILY = "1,2";
				VALIDATE_PRODUCT = YES;
			};
			name = Release;
		};
		D7E8FD301C12961C005E908F /* Debug */ = {
			isa = XCBuildConfiguration;
			buildSettings = {
				ASSETCATALOG_COMPILER_APPICON_NAME = AppIcon;
				INFOPLIST_FILE = TableDatasourceSeparation/Info.plist;
				LD_RUNPATH_SEARCH_PATHS = "$(inherited) @executable_path/Frameworks";
				PRODUCT_BUNDLE_IDENTIFIER = com.teason.TableDatasourceSeparation;
				PRODUCT_NAME = "$(TARGET_NAME)";
			};
			name = Debug;
		};
		D7E8FD311C12961C005E908F /* Release */ = {
			isa = XCBuildConfiguration;
			buildSettings = {
				ASSETCATALOG_COMPILER_APPICON_NAME = AppIcon;
				INFOPLIST_FILE = TableDatasourceSeparation/Info.plist;
				LD_RUNPATH_SEARCH_PATHS = "$(inherited) @executable_path/Frameworks";
				PRODUCT_BUNDLE_IDENTIFIER = com.teason.TableDatasourceSeparation;
				PRODUCT_NAME = "$(TARGET_NAME)";
			};
			name = Release;
		};
		D7E8FD331C12961C005E908F /* Debug */ = {
			isa = XCBuildConfiguration;
			buildSettings = {
				BUNDLE_LOADER = "$(TEST_HOST)";
				INFOPLIST_FILE = TableDatasourceSeparationTests/Info.plist;
				LD_RUNPATH_SEARCH_PATHS = "$(inherited) @executable_path/Frameworks @loader_path/Frameworks";
				PRODUCT_BUNDLE_IDENTIFIER = com.teason.TableDatasourceSeparationTests;
				PRODUCT_NAME = "$(TARGET_NAME)";
				TEST_HOST = "$(BUILT_PRODUCTS_DIR)/TableDatasourceSeparation.app/TableDatasourceSeparation";
			};
			name = Debug;
		};
		D7E8FD341C12961C005E908F /* Release */ = {
			isa = XCBuildConfiguration;
			buildSettings = {
				BUNDLE_LOADER = "$(TEST_HOST)";
				INFOPLIST_FILE = TableDatasourceSeparationTests/Info.plist;
				LD_RUNPATH_SEARCH_PATHS = "$(inherited) @executable_path/Frameworks @loader_path/Frameworks";
				PRODUCT_BUNDLE_IDENTIFIER = com.teason.TableDatasourceSeparationTests;
				PRODUCT_NAME = "$(TARGET_NAME)";
				TEST_HOST = "$(BUILT_PRODUCTS_DIR)/TableDatasourceSeparation.app/TableDatasourceSeparation";
			};
			name = Release;
		};
		D7E8FD361C12961C005E908F /* Debug */ = {
			isa = XCBuildConfiguration;
			buildSettings = {
				INFOPLIST_FILE = TableDatasourceSeparationUITests/Info.plist;
				LD_RUNPATH_SEARCH_PATHS = "$(inherited) @executable_path/Frameworks @loader_path/Frameworks";
				PRODUCT_BUNDLE_IDENTIFIER = com.teason.TableDatasourceSeparationUITests;
				PRODUCT_NAME = "$(TARGET_NAME)";
				TEST_TARGET_NAME = TableDatasourceSeparation;
				USES_XCTRUNNER = YES;
			};
			name = Debug;
		};
		D7E8FD371C12961C005E908F /* Release */ = {
			isa = XCBuildConfiguration;
			buildSettings = {
				INFOPLIST_FILE = TableDatasourceSeparationUITests/Info.plist;
				LD_RUNPATH_SEARCH_PATHS = "$(inherited) @executable_path/Frameworks @loader_path/Frameworks";
				PRODUCT_BUNDLE_IDENTIFIER = com.teason.TableDatasourceSeparationUITests;
				PRODUCT_NAME = "$(TARGET_NAME)";
				TEST_TARGET_NAME = TableDatasourceSeparation;
				USES_XCTRUNNER = YES;
			};
			name = Release;
		};
/* End XCBuildConfiguration section */

/* Begin XCConfigurationList section */
		D7E8FCFD1C12961B005E908F /* Build configuration list for PBXProject "TableDatasourceSeparation" */ = {
			isa = XCConfigurationList;
			buildConfigurations = (
				D7E8FD2D1C12961C005E908F /* Debug */,
				D7E8FD2E1C12961C005E908F /* Release */,
			);
			defaultConfigurationIsVisible = 0;
			defaultConfigurationName = Release;
		};
		D7E8FD2F1C12961C005E908F /* Build configuration list for PBXNativeTarget "TableDatasourceSeparation" */ = {
			isa = XCConfigurationList;
			buildConfigurations = (
				D7E8FD301C12961C005E908F /* Debug */,
				D7E8FD311C12961C005E908F /* Release */,
			);
			defaultConfigurationIsVisible = 0;
		};
		D7E8FD321C12961C005E908F /* Build configuration list for PBXNativeTarget "TableDatasourceSeparationTests" */ = {
			isa = XCConfigurationList;
			buildConfigurations = (
				D7E8FD331C12961C005E908F /* Debug */,
				D7E8FD341C12961C005E908F /* Release */,
			);
			defaultConfigurationIsVisible = 0;
		};
		D7E8FD351C12961C005E908F /* Build configuration list for PBXNativeTarget "TableDatasourceSeparationUITests" */ = {
			isa = XCConfigurationList;
			buildConfigurations = (
				D7E8FD361C12961C005E908F /* Debug */,
				D7E8FD371C12961C005E908F /* Release */,
			);
			defaultConfigurationIsVisible = 0;
		};
/* End XCConfigurationList section */
	};
	rootObject = D7E8FCFA1C12961B005E908F /* Project object */;
}
